
Microsoft Visual Studio Solution File, Format Version 12.00
# Visual Studio Version 17
VisualStudioVersion = 17.6.33829.357
MinimumVisualStudioVersion = 10.0.40219.1
Project("{FAE04EC0-301F-11D3-BF4B-00C04F79EFBC}") = "DemoWPF", "DemoWPF\DemoWPF.csproj", "{A3CDFB22-B034-422E-83AE-3AF46067380D}"
EndProject
Global
	GlobalSection(SolutionConfigurationPlatforms) = preSolution
		Debug|Any CPU = Debug|Any CPU
		Release|Any CPU = Release|Any CPU
	EndGlobalSection
	GlobalSection(ProjectConfigurationPlatforms) = postSolution
		{A3CDFB22-B034-422E-83AE-3AF46067380D}.Debug|Any CPU.ActiveCfg = Debug|Any CPU
		{A3CDFB22-B034-422E-83AE-3AF46067380D}.Debug|Any CPU.Build.0 = Debug|Any CPU
		{A3CDFB22-B034-422E-83AE-3AF46067380D}.Release|Any CPU.ActiveCfg = Release|Any CPU
		{A3CDFB22-B034-422E-83AE-3AF46067380D}.Release|Any CPU.Build.0 = Release|Any CPU
	EndGlobalSection
	GlobalSection(SolutionProperties) = preSolution
		HideSolutionNode = FALSE
	EndGlobalSection
	GlobalSection(ExtensibilityGlobals) = postSolution
		SolutionGuid = {38933675-4535-4434-B333-E5A3970151C0}
	EndGlobalSection
EndGlobal
