<?xml version="1.0" encoding="utf-8"?>
<Project ToolsVersion="17.0" xmlns="http://schemas.microsoft.com/developer/msbuild/2003">
  <ItemGroup>
    <ClCompile Include="D:\GitHub\RaultG-Prog2\Quake\Source\Editor\Engine\Engine.cpp">
      <Filter>Editor\Engine</Filter>
    </ClCompile>
    <ClCompile Include="D:\GitHub\RaultG-Prog2\Quake\Source\Editor\Engine\EngineWindow.cpp">
      <Filter>Editor\Engine</Filter>
    </ClCompile>
    <ClCompile Include="D:\GitHub\RaultG-Prog2\Quake\Source\Editor\Engine\Shader.cpp">
      <Filter>Editor\Engine</Filter>
    </ClCompile>
    <ClCompile Include="D:\GitHub\RaultG-Prog2\Quake\Source\Editor\GarbageCollector\GarbageCollector.cpp">
      <Filter>Editor\GarbageCollector</Filter>
    </ClCompile>
    <ClCompile Include="D:\GitHub\RaultG-Prog2\Quake\Source\Editor\Pointers\TObjectPtr.cpp">
      <Filter>Editor\Pointers</Filter>
    </ClCompile>
    <ClCompile Include="D:\GitHub\RaultG-Prog2\Quake\Source\Editor\Pointers\TPtr.cpp">
      <Filter>Editor\Pointers</Filter>
    </ClCompile>
    <ClCompile Include="D:\GitHub\RaultG-Prog2\Quake\Source\Editor\Pointers\TSharedPtr.cpp">
      <Filter>Editor\Pointers</Filter>
    </ClCompile>
    <ClCompile Include="D:\GitHub\RaultG-Prog2\Quake\Source\Editor\Pointers\TSoftobjectPtr.cpp">
      <Filter>Editor\Pointers</Filter>
    </ClCompile>
    <ClCompile Include="D:\GitHub\RaultG-Prog2\Quake\Source\Editor\Pointers\TWeakPtr.cpp">
      <Filter>Editor\Pointers</Filter>
    </ClCompile>
    <ClCompile Include="D:\GitHub\RaultG-Prog2\Quake\Source\Main.cpp" />
    <ClCompile Include="D:\GitHub\RaultG-Prog2\Quake\Source\Runtime\Core\Containers\FString.cpp">
      <Filter>Runtime\Core\Containers</Filter>
    </ClCompile>
    <ClCompile Include="D:\GitHub\RaultG-Prog2\Quake\Source\Runtime\Core\Math\Color\FColor.cpp">
      <Filter>Runtime\Core\Math\Color</Filter>
    </ClCompile>
    <ClCompile Include="D:\GitHub\RaultG-Prog2\Quake\Source\Runtime\Managers\UGameInstance.cpp">
      <Filter>Runtime\Managers</Filter>
    </ClCompile>
    <ClCompile Include="D:\GitHub\RaultG-Prog2\Quake\Source\Runtime\Objects\Actors\AActor.cpp">
      <Filter>Runtime\Objects\Actors</Filter>
    </ClCompile>
    <ClCompile Include="D:\GitHub\RaultG-Prog2\Quake\Source\Runtime\Objects\AssetDataBase.cpp">
      <Filter>Runtime\Objects</Filter>
    </ClCompile>
    <ClCompile Include="D:\GitHub\RaultG-Prog2\Quake\Source\Runtime\Objects\Components\UActorComponent.cpp">
      <Filter>Runtime\Objects\Components</Filter>
    </ClCompile>
    <ClCompile Include="D:\GitHub\RaultG-Prog2\Quake\Source\Runtime\Objects\UObject.cpp">
      <Filter>Runtime\Objects</Filter>
    </ClCompile>
    <ClCompile Include="D:\GitHub\RaultG-Prog2\Quake\Source\common\controls.cpp">
      <Filter>common</Filter>
    </ClCompile>
    <ClCompile Include="D:\GitHub\RaultG-Prog2\Quake\Source\common\objloader.cpp">
      <Filter>common</Filter>
    </ClCompile>
    <ClCompile Include="D:\GitHub\RaultG-Prog2\Quake\Source\common\quaternion_utils.cpp">
      <Filter>common</Filter>
    </ClCompile>
    <ClCompile Include="D:\GitHub\RaultG-Prog2\Quake\Source\common\shader.cpp">
      <Filter>common</Filter>
    </ClCompile>
    <ClCompile Include="D:\GitHub\RaultG-Prog2\Quake\Source\common\tangentspace.cpp">
      <Filter>common</Filter>
    </ClCompile>
    <ClCompile Include="D:\GitHub\RaultG-Prog2\Quake\Source\common\text2D.cpp">
      <Filter>common</Filter>
    </ClCompile>
    <ClCompile Include="D:\GitHub\RaultG-Prog2\Quake\Source\common\texture.cpp">
      <Filter>common</Filter>
    </ClCompile>
    <ClCompile Include="D:\GitHub\RaultG-Prog2\Quake\Source\common\vboindexer.cpp">
      <Filter>common</Filter>
    </ClCompile>
  </ItemGroup>
  <ItemGroup>
    <ClInclude Include="D:\GitHub\RaultG-Prog2\Quake\Source\CoreMinimal.h" />
    <ClInclude Include="D:\GitHub\RaultG-Prog2\Quake\Source\Editor\Engine\Engine.h">
      <Filter>Editor\Engine</Filter>
    </ClInclude>
    <ClInclude Include="D:\GitHub\RaultG-Prog2\Quake\Source\Editor\Engine\EngineWindow.h">
      <Filter>Editor\Engine</Filter>
    </ClInclude>
    <ClInclude Include="D:\GitHub\RaultG-Prog2\Quake\Source\Editor\Engine\Shader.h">
      <Filter>Editor\Engine</Filter>
    </ClInclude>
    <ClInclude Include="D:\GitHub\RaultG-Prog2\Quake\Source\Editor\GarbageCollector\GarbageCollector.h">
      <Filter>Editor\GarbageCollector</Filter>
    </ClInclude>
    <ClInclude Include="D:\GitHub\RaultG-Prog2\Quake\Source\Editor\Pointers\TObjectPtr.h">
      <Filter>Editor\Pointers</Filter>
    </ClInclude>
    <ClInclude Include="D:\GitHub\RaultG-Prog2\Quake\Source\Editor\Pointers\TPtr.h">
      <Filter>Editor\Pointers</Filter>
    </ClInclude>
    <ClInclude Include="D:\GitHub\RaultG-Prog2\Quake\Source\Editor\Pointers\TSharedPtr.h">
      <Filter>Editor\Pointers</Filter>
    </ClInclude>
    <ClInclude Include="D:\GitHub\RaultG-Prog2\Quake\Source\Editor\Pointers\TSoftobjectPtr.h">
      <Filter>Editor\Pointers</Filter>
    </ClInclude>
    <ClInclude Include="D:\GitHub\RaultG-Prog2\Quake\Source\Editor\Pointers\TWeakPtr.h">
      <Filter>Editor\Pointers</Filter>
    </ClInclude>
    <ClInclude Include="D:\GitHub\RaultG-Prog2\Quake\Source\ObjectMacro.h" />
    <ClInclude Include="D:\GitHub\RaultG-Prog2\Quake\Source\Runtime\Core\Containers\FString.h">
      <Filter>Runtime\Core\Containers</Filter>
    </ClInclude>
    <ClInclude Include="D:\GitHub\RaultG-Prog2\Quake\Source\Runtime\Core\Containers\TArray.h">
      <Filter>Runtime\Core\Containers</Filter>
    </ClInclude>
    <ClInclude Include="D:\GitHub\RaultG-Prog2\Quake\Source\Runtime\Core\Math\Color\FColor.h">
      <Filter>Runtime\Core\Math\Color</Filter>
    </ClInclude>
    <ClInclude Include="D:\GitHub\RaultG-Prog2\Quake\Source\Runtime\Managers\UGameInstance.h">
      <Filter>Runtime\Managers</Filter>
    </ClInclude>
    <ClInclude Include="D:\GitHub\RaultG-Prog2\Quake\Source\Runtime\Objects\Actors\AActor.h">
      <Filter>Runtime\Objects\Actors</Filter>
    </ClInclude>
    <ClInclude Include="D:\GitHub\RaultG-Prog2\Quake\Source\Runtime\Objects\AssetDataBase.h">
      <Filter>Runtime\Objects</Filter>
    </ClInclude>
    <ClInclude Include="D:\GitHub\RaultG-Prog2\Quake\Source\Runtime\Objects\Components\UActorComponent.h">
      <Filter>Runtime\Objects\Components</Filter>
    </ClInclude>
    <ClInclude Include="D:\GitHub\RaultG-Prog2\Quake\Source\Runtime\Objects\UObject.h">
      <Filter>Runtime\Objects</Filter>
    </ClInclude>
    <ClInclude Include="D:\GitHub\RaultG-Prog2\Quake\Source\common\controls.hpp">
      <Filter>common</Filter>
    </ClInclude>
    <ClInclude Include="D:\GitHub\RaultG-Prog2\Quake\Source\common\objloader.hpp">
      <Filter>common</Filter>
    </ClInclude>
    <ClInclude Include="D:\GitHub\RaultG-Prog2\Quake\Source\common\quaternion_utils.hpp">
      <Filter>common</Filter>
    </ClInclude>
    <ClInclude Include="D:\GitHub\RaultG-Prog2\Quake\Source\common\shader.hpp">
      <Filter>common</Filter>
    </ClInclude>
    <ClInclude Include="D:\GitHub\RaultG-Prog2\Quake\Source\common\tangentspace.hpp">
      <Filter>common</Filter>
    </ClInclude>
    <ClInclude Include="D:\GitHub\RaultG-Prog2\Quake\Source\common\text2D.hpp">
      <Filter>common</Filter>
    </ClInclude>
    <ClInclude Include="D:\GitHub\RaultG-Prog2\Quake\Source\common\texture.hpp">
      <Filter>common</Filter>
    </ClInclude>
    <ClInclude Include="D:\GitHub\RaultG-Prog2\Quake\Source\common\vboindexer.hpp">
      <Filter>common</Filter>
    </ClInclude>
  </ItemGroup>
  <ItemGroup>
    <CustomBuild Include="D:\GitHub\RaultG-Prog2\Quake\CMakeLists.txt" />
  </ItemGroup>
  <ItemGroup>
    <Filter Include="Editor">
      <UniqueIdentifier>{5CD59386-3823-3CFB-85E8-B631E04D3C74}</UniqueIdentifier>
    </Filter>
    <Filter Include="Editor\Engine">
      <UniqueIdentifier>{A83D86D9-43F0-37D1-B937-E970345D6E06}</UniqueIdentifier>
    </Filter>
    <Filter Include="Editor\GarbageCollector">
      <UniqueIdentifier>{5C01F601-3FEE-3A93-B85F-579AF385B505}</UniqueIdentifier>
    </Filter>
    <Filter Include="Editor\Pointers">
      <UniqueIdentifier>{F56E532D-A853-38D4-B4B4-6462BD63120E}</UniqueIdentifier>
    </Filter>
    <Filter Include="Runtime">
      <UniqueIdentifier>{4AD5EB30-210E-3E9C-8055-44CFEBF810E3}</UniqueIdentifier>
    </Filter>
    <Filter Include="Runtime\Core">
      <UniqueIdentifier>{C7929BE5-D480-333A-8173-0AC43E096410}</UniqueIdentifier>
    </Filter>
    <Filter Include="Runtime\Core\Containers">
      <UniqueIdentifier>{E55D5D3B-5BFD-39BD-A904-53716E6CE0A5}</UniqueIdentifier>
    </Filter>
    <Filter Include="Runtime\Core\Math">
      <UniqueIdentifier>{6F1B68DC-DCF2-3893-99D7-D8146B797DCD}</UniqueIdentifier>
    </Filter>
    <Filter Include="Runtime\Core\Math\Color">
      <UniqueIdentifier>{C2FF55BD-F06E-3FD1-920F-7E77DD49DF64}</UniqueIdentifier>
    </Filter>
    <Filter Include="Runtime\Managers">
      <UniqueIdentifier>{126417E7-0488-3313-B27D-019E0E7E236B}</UniqueIdentifier>
    </Filter>
    <Filter Include="Runtime\Objects">
      <UniqueIdentifier>{692E5EF7-B630-301B-8DCB-E24E0ABC8038}</UniqueIdentifier>
    </Filter>
    <Filter Include="Runtime\Objects\Actors">
      <UniqueIdentifier>{078D2654-BD88-3E06-A19C-08AA3C33CE02}</UniqueIdentifier>
    </Filter>
    <Filter Include="Runtime\Objects\Components">
      <UniqueIdentifier>{27583CF2-E4E0-37AC-83CF-EC14A8946BB6}</UniqueIdentifier>
    </Filter>
    <Filter Include="common">
      <UniqueIdentifier>{1DDE7063-5D1A-36A3-AFD2-4CFFEDFC36F0}</UniqueIdentifier>
    </Filter>
  </ItemGroup>
</Project>
