<?xml version="1.0" encoding="utf-8"?>
<Project ToolsVersion="17.0" xmlns="http://schemas.microsoft.com/developer/msbuild/2003">
  <ItemGroup>
    <ClCompile Include="D:\GitHub\RaultG-Prog2\Quake\Source\Editor\Garbage\GarbageCollector.cpp">
      <Filter>Editor\Garbage</Filter>
    </ClCompile>
    <ClCompile Include="D:\GitHub\RaultG-Prog2\Quake\Source\Editor\Pointers\TObjectPtr.cpp">
      <Filter>Editor\Pointers</Filter>
    </ClCompile>
    <ClCompile Include="D:\GitHub\RaultG-Prog2\Quake\Source\Editor\Pointers\TSharedPtr.cpp">
      <Filter>Editor\Pointers</Filter>
    </ClCompile>
    <ClCompile Include="D:\GitHub\RaultG-Prog2\Quake\Source\Editor\Pointers\TWeakPtr.cpp">
      <Filter>Editor\Pointers</Filter>
    </ClCompile>
    <ClCompile Include="D:\GitHub\RaultG-Prog2\Quake\Source\Main.cpp" />
    <ClCompile Include="D:\GitHub\RaultG-Prog2\Quake\Source\Runtime\Actor\AActor.cpp">
      <Filter>Runtime\Actor</Filter>
    </ClCompile>
    <ClCompile Include="D:\GitHub\RaultG-Prog2\Quake\Source\Runtime\Component\UActorComponent.cpp">
      <Filter>Runtime\Component</Filter>
    </ClCompile>
    <ClCompile Include="D:\GitHub\RaultG-Prog2\Quake\Source\Runtime\Core\Containers\FString.cpp">
      <Filter>Runtime\Core\Containers</Filter>
    </ClCompile>
    <ClCompile Include="D:\GitHub\RaultG-Prog2\Quake\Source\Runtime\Core\Containers\TArray.cpp">
      <Filter>Runtime\Core\Containers</Filter>
    </ClCompile>
    <ClCompile Include="D:\GitHub\RaultG-Prog2\Quake\Source\Runtime\Core\UObject.cpp">
      <Filter>Runtime\Core</Filter>
    </ClCompile>
    <ClCompile Include="D:\GitHub\RaultG-Prog2\Quake\Source\Runtime\GameInstance\UGameInstance.cpp">
      <Filter>Runtime\GameInstance</Filter>
    </ClCompile>
  </ItemGroup>
  <ItemGroup>
    <ClInclude Include="D:\GitHub\RaultG-Prog2\Quake\Source\CoreMinimal.h" />
    <ClInclude Include="D:\GitHub\RaultG-Prog2\Quake\Source\Editor\Garbage\GarbageCollector.h">
      <Filter>Editor\Garbage</Filter>
    </ClInclude>
    <ClInclude Include="D:\GitHub\RaultG-Prog2\Quake\Source\Editor\Pointers\TObjectPtr.h">
      <Filter>Editor\Pointers</Filter>
    </ClInclude>
    <ClInclude Include="D:\GitHub\RaultG-Prog2\Quake\Source\Editor\Pointers\TSharedPtr.h">
      <Filter>Editor\Pointers</Filter>
    </ClInclude>
    <ClInclude Include="D:\GitHub\RaultG-Prog2\Quake\Source\Editor\Pointers\TWeakPtr.h">
      <Filter>Editor\Pointers</Filter>
    </ClInclude>
    <ClInclude Include="D:\GitHub\RaultG-Prog2\Quake\Source\Runtime\Actor\AActor.h">
      <Filter>Runtime\Actor</Filter>
    </ClInclude>
    <ClInclude Include="D:\GitHub\RaultG-Prog2\Quake\Source\Runtime\Component\UActorComponent.h">
      <Filter>Runtime\Component</Filter>
    </ClInclude>
    <ClInclude Include="D:\GitHub\RaultG-Prog2\Quake\Source\Runtime\Core\Containers\FString.h">
      <Filter>Runtime\Core\Containers</Filter>
    </ClInclude>
    <ClInclude Include="D:\GitHub\RaultG-Prog2\Quake\Source\Runtime\Core\Containers\TArray.h">
      <Filter>Runtime\Core\Containers</Filter>
    </ClInclude>
    <ClInclude Include="D:\GitHub\RaultG-Prog2\Quake\Source\Runtime\Core\UObject.h">
      <Filter>Runtime\Core</Filter>
    </ClInclude>
    <ClInclude Include="D:\GitHub\RaultG-Prog2\Quake\Source\Runtime\GameInstance\UGameInstance.h">
      <Filter>Runtime\GameInstance</Filter>
    </ClInclude>
  </ItemGroup>
  <ItemGroup>
    <CustomBuild Include="D:\GitHub\RaultG-Prog2\Quake\CMakeLists.txt" />
  </ItemGroup>
  <ItemGroup>
    <Filter Include="Editor">
      <UniqueIdentifier>{5CD59386-3823-3CFB-85E8-B631E04D3C74}</UniqueIdentifier>
    </Filter>
    <Filter Include="Editor\Garbage">
      <UniqueIdentifier>{86AA9C0B-A13C-3EF3-8079-F207E570494B}</UniqueIdentifier>
    </Filter>
    <Filter Include="Editor\Pointers">
      <UniqueIdentifier>{F56E532D-A853-38D4-B4B4-6462BD63120E}</UniqueIdentifier>
    </Filter>
    <Filter Include="Runtime">
      <UniqueIdentifier>{4AD5EB30-210E-3E9C-8055-44CFEBF810E3}</UniqueIdentifier>
    </Filter>
    <Filter Include="Runtime\Actor">
      <UniqueIdentifier>{4D874FA0-32A2-3F10-A29F-E28E6C354926}</UniqueIdentifier>
    </Filter>
    <Filter Include="Runtime\Component">
      <UniqueIdentifier>{47EE5371-0238-3250-9007-408046DB57A8}</UniqueIdentifier>
    </Filter>
    <Filter Include="Runtime\Core">
      <UniqueIdentifier>{C7929BE5-D480-333A-8173-0AC43E096410}</UniqueIdentifier>
    </Filter>
    <Filter Include="Runtime\Core\Containers">
      <UniqueIdentifier>{E55D5D3B-5BFD-39BD-A904-53716E6CE0A5}</UniqueIdentifier>
    </Filter>
    <Filter Include="Runtime\GameInstance">
      <UniqueIdentifier>{2A76E526-4C48-341E-891D-61828553F883}</UniqueIdentifier>
    </Filter>
  </ItemGroup>
</Project>
