<?xml version="1.0" encoding="utf-8"?>
<Project ToolsVersion="17.0" xmlns="http://schemas.microsoft.com/developer/msbuild/2003">
  <ItemGroup>
    <CustomBuild Include="C:\Users\User\GitHub\RaultG-Prog2\Quake\Binaries\CMakeFiles\b3abf2a4558a3b4b3b82a43dced89bf5\generate.stamp.rule">
      <Filter>CMake Rules</Filter>
    </CustomBuild>
  </ItemGroup>
  <ItemGroup>
    <Filter Include="CMake Rules">
      <UniqueIdentifier>{97DEDDB4-6477-361B-BDCA-2DD404770E46}</UniqueIdentifier>
    </Filter>
  </ItemGroup>
</Project>
